
Microsoft Visual Studio Solution File, Format Version 12.00
# Visual Studio Version 16
VisualStudioVersion = 16.0.30621.155
MinimumVisualStudioVersion = 10.0.40219.1
Project("{FAE04EC0-301F-11D3-BF4B-00C04F79EFBC}") = "WcfServiceLibrary_TP", "WcfServiceLibrary_TP\WcfServiceLibrary_TP.csproj", "{701C84B9-B9EE-4003-A3D2-307BD2BCEF09}"
EndProject
Global
	GlobalSection(SolutionConfigurationPlatforms) = preSolution
		Debug|Any CPU = Debug|Any CPU
		Release|Any CPU = Release|Any CPU
	EndGlobalSection
	GlobalSection(ProjectConfigurationPlatforms) = postSolution
		{701C84B9-B9EE-4003-A3D2-307BD2BCEF09}.Debug|Any CPU.ActiveCfg = Debug|Any CPU
		{701C84B9-B9EE-4003-A3D2-307BD2BCEF09}.Debug|Any CPU.Build.0 = Debug|Any CPU
		{701C84B9-B9EE-4003-A3D2-307BD2BCEF09}.Release|Any CPU.ActiveCfg = Release|Any CPU
		{701C84B9-B9EE-4003-A3D2-307BD2BCEF09}.Release|Any CPU.Build.0 = Release|Any CPU
	EndGlobalSection
	GlobalSection(SolutionProperties) = preSolution
		HideSolutionNode = FALSE
	EndGlobalSection
	GlobalSection(ExtensibilityGlobals) = postSolution
		SolutionGuid = {333FDBF0-8711-4C5E-B3A0-496627646ADE}
	EndGlobalSection
EndGlobal
